
Microsoft Visual Studio Solution File, Format Version 12.00
# Visual Studio Version 17
VisualStudioVersion = 17.3.32819.101
MinimumVisualStudioVersion = 10.0.40219.1
Project("{FAE04EC0-301F-11D3-BF4B-00C04F79EFBC}") = "TestT4", "TestT4\TestT4.csproj", "{5EB66BC2-2F2F-468B-99D0-9D795C8EDED3}"
EndProject
Global
	GlobalSection(SolutionConfigurationPlatforms) = preSolution
		Debug|Any CPU = Debug|Any CPU
		Release|Any CPU = Release|Any CPU
	EndGlobalSection
	GlobalSection(ProjectConfigurationPlatforms) = postSolution
		{5EB66BC2-2F2F-468B-99D0-9D795C8EDED3}.Debug|Any CPU.ActiveCfg = Debug|Any CPU
		{5EB66BC2-2F2F-468B-99D0-9D795C8EDED3}.Debug|Any CPU.Build.0 = Debug|Any CPU
		{5EB66BC2-2F2F-468B-99D0-9D795C8EDED3}.Release|Any CPU.ActiveCfg = Release|Any CPU
		{5EB66BC2-2F2F-468B-99D0-9D795C8EDED3}.Release|Any CPU.Build.0 = Release|Any CPU
	EndGlobalSection
	GlobalSection(SolutionProperties) = preSolution
		HideSolutionNode = FALSE
	EndGlobalSection
	GlobalSection(ExtensibilityGlobals) = postSolution
		SolutionGuid = {5B8C8649-9AD5-4536-8381-1FB667F57D7C}
	EndGlobalSection
EndGlobal
